
Microsoft Visual Studio Solution File, Format Version 12.00
# Visual Studio 15
VisualStudioVersion = 15.0.27703.2035
MinimumVisualStudioVersion = 10.0.40219.1
Project("{FAE04EC0-301F-11D3-BF4B-00C04F79EFBC}") = "Gssy.Capi", "Gssy.Capi\Gssy.Capi.csproj", "{9C57C8AC-5F34-4594-8546-F134D5A3A577}"
EndProject
Project("{FAE04EC0-301F-11D3-BF4B-00C04F79EFBC}") = "Gssy.Capi.BIZ", "Gssy.Capi.BIZ\Gssy.Capi.BIZ.csproj", "{2EB996E0-A14E-4EBE-9F7D-AF18E929B9B8}"
EndProject
Project("{FAE04EC0-301F-11D3-BF4B-00C04F79EFBC}") = "Gssy.Capi.Common", "Gssy.Capi.Common\Gssy.Capi.Common.csproj", "{2CA05B08-921C-4741-ACFE-52F2F0B9374C}"
EndProject
Project("{FAE04EC0-301F-11D3-BF4B-00C04F79EFBC}") = "Gssy.Capi.DAL", "Gssy.Capi.DAL\Gssy.Capi.DAL.csproj", "{7739FFF4-4843-4131-823F-77371D05A8D4}"
EndProject
Project("{FAE04EC0-301F-11D3-BF4B-00C04F79EFBC}") = "Gssy.Capi.Entities", "Gssy.Capi.Entities\Gssy.Capi.Entities.csproj", "{033AEFFF-86E8-434F-BDA5-9ACD3B67EF46}"
EndProject
Project("{FAE04EC0-301F-11D3-BF4B-00C04F79EFBC}") = "Gssy.Capi.Update", "Gssy.Capi.Update\Gssy.Capi.Update.csproj", "{A53AFC19-2573-45B1-A233-29CFCAD8462D}"
EndProject
Global
	GlobalSection(SolutionConfigurationPlatforms) = preSolution
		Debug|Any CPU = Debug|Any CPU
		Release|Any CPU = Release|Any CPU
	EndGlobalSection
	GlobalSection(ProjectConfigurationPlatforms) = postSolution
		{9C57C8AC-5F34-4594-8546-F134D5A3A577}.Debug|Any CPU.ActiveCfg = Debug|Any CPU
		{9C57C8AC-5F34-4594-8546-F134D5A3A577}.Debug|Any CPU.Build.0 = Debug|Any CPU
		{9C57C8AC-5F34-4594-8546-F134D5A3A577}.Release|Any CPU.ActiveCfg = Release|Any CPU
		{9C57C8AC-5F34-4594-8546-F134D5A3A577}.Release|Any CPU.Build.0 = Release|Any CPU
		{2EB996E0-A14E-4EBE-9F7D-AF18E929B9B8}.Debug|Any CPU.ActiveCfg = Debug|Any CPU
		{2EB996E0-A14E-4EBE-9F7D-AF18E929B9B8}.Debug|Any CPU.Build.0 = Debug|Any CPU
		{2EB996E0-A14E-4EBE-9F7D-AF18E929B9B8}.Release|Any CPU.ActiveCfg = Release|Any CPU
		{2EB996E0-A14E-4EBE-9F7D-AF18E929B9B8}.Release|Any CPU.Build.0 = Release|Any CPU
		{2CA05B08-921C-4741-ACFE-52F2F0B9374C}.Debug|Any CPU.ActiveCfg = Debug|Any CPU
		{2CA05B08-921C-4741-ACFE-52F2F0B9374C}.Debug|Any CPU.Build.0 = Debug|Any CPU
		{2CA05B08-921C-4741-ACFE-52F2F0B9374C}.Release|Any CPU.ActiveCfg = Release|Any CPU
		{2CA05B08-921C-4741-ACFE-52F2F0B9374C}.Release|Any CPU.Build.0 = Release|Any CPU
		{7739FFF4-4843-4131-823F-77371D05A8D4}.Debug|Any CPU.ActiveCfg = Debug|Any CPU
		{7739FFF4-4843-4131-823F-77371D05A8D4}.Debug|Any CPU.Build.0 = Debug|Any CPU
		{7739FFF4-4843-4131-823F-77371D05A8D4}.Release|Any CPU.ActiveCfg = Release|Any CPU
		{7739FFF4-4843-4131-823F-77371D05A8D4}.Release|Any CPU.Build.0 = Release|Any CPU
		{033AEFFF-86E8-434F-BDA5-9ACD3B67EF46}.Debug|Any CPU.ActiveCfg = Debug|Any CPU
		{033AEFFF-86E8-434F-BDA5-9ACD3B67EF46}.Debug|Any CPU.Build.0 = Debug|Any CPU
		{033AEFFF-86E8-434F-BDA5-9ACD3B67EF46}.Release|Any CPU.ActiveCfg = Release|Any CPU
		{033AEFFF-86E8-434F-BDA5-9ACD3B67EF46}.Release|Any CPU.Build.0 = Release|Any CPU
		{A53AFC19-2573-45B1-A233-29CFCAD8462D}.Debug|Any CPU.ActiveCfg = Debug|Any CPU
		{A53AFC19-2573-45B1-A233-29CFCAD8462D}.Debug|Any CPU.Build.0 = Debug|Any CPU
		{A53AFC19-2573-45B1-A233-29CFCAD8462D}.Release|Any CPU.ActiveCfg = Release|Any CPU
		{A53AFC19-2573-45B1-A233-29CFCAD8462D}.Release|Any CPU.Build.0 = Release|Any CPU
	EndGlobalSection
	GlobalSection(SolutionProperties) = preSolution
		HideSolutionNode = FALSE
	EndGlobalSection
	GlobalSection(ExtensibilityGlobals) = postSolution
		SolutionGuid = {F80BBF2F-863C-46C5-BFEF-B5E325923DC7}
	EndGlobalSection
EndGlobal
